
Microsoft Visual Studio Solution File, Format Version 12.00
# Visual Studio Version 16
VisualStudioVersion = 16.0.30413.136
MinimumVisualStudioVersion = 10.0.40219.1
Project("{FAE04EC0-301F-11D3-BF4B-00C04F79EFBC}") = "AppEmployee", "AppEmployee\AppEmployee.csproj", "{CFA2FE67-F021-498B-A8A3-30EEED546A7F}"
EndProject
Global
	GlobalSection(SolutionConfigurationPlatforms) = preSolution
		Debug|Any CPU = Debug|Any CPU
		Release|Any CPU = Release|Any CPU
	EndGlobalSection
	GlobalSection(ProjectConfigurationPlatforms) = postSolution
		{CFA2FE67-F021-498B-A8A3-30EEED546A7F}.Debug|Any CPU.ActiveCfg = Debug|Any CPU
		{CFA2FE67-F021-498B-A8A3-30EEED546A7F}.Debug|Any CPU.Build.0 = Debug|Any CPU
		{CFA2FE67-F021-498B-A8A3-30EEED546A7F}.Release|Any CPU.ActiveCfg = Release|Any CPU
		{CFA2FE67-F021-498B-A8A3-30EEED546A7F}.Release|Any CPU.Build.0 = Release|Any CPU
	EndGlobalSection
	GlobalSection(SolutionProperties) = preSolution
		HideSolutionNode = FALSE
	EndGlobalSection
	GlobalSection(ExtensibilityGlobals) = postSolution
		SolutionGuid = {770C54AA-863C-4627-B85B-F56C190CC976}
	EndGlobalSection
EndGlobal
